
Microsoft Visual Studio Solution File, Format Version 12.00
# Visual Studio Version 17
VisualStudioVersion = 17.10.35122.118
MinimumVisualStudioVersion = 10.0.40219.1
Project("{FAE04EC0-301F-11D3-BF4B-00C04F79EFBC}") = "Module02Activity01", "Module02Activity01.csproj", "{4F5AE9E6-E8A7-4893-AC79-A641915F6EB7}"
EndProject
Global
	GlobalSection(SolutionConfigurationPlatforms) = preSolution
		Debug|Any CPU = Debug|Any CPU
		Release|Any CPU = Release|Any CPU
	EndGlobalSection
	GlobalSection(ProjectConfigurationPlatforms) = postSolution
		{4F5AE9E6-E8A7-4893-AC79-A641915F6EB7}.Debug|Any CPU.ActiveCfg = Debug|Any CPU
		{4F5AE9E6-E8A7-4893-AC79-A641915F6EB7}.Debug|Any CPU.Build.0 = Debug|Any CPU
		{4F5AE9E6-E8A7-4893-AC79-A641915F6EB7}.Debug|Any CPU.Deploy.0 = Debug|Any CPU
		{4F5AE9E6-E8A7-4893-AC79-A641915F6EB7}.Release|Any CPU.ActiveCfg = Release|Any CPU
		{4F5AE9E6-E8A7-4893-AC79-A641915F6EB7}.Release|Any CPU.Build.0 = Release|Any CPU
		{4F5AE9E6-E8A7-4893-AC79-A641915F6EB7}.Release|Any CPU.Deploy.0 = Release|Any CPU
	EndGlobalSection
	GlobalSection(SolutionProperties) = preSolution
		HideSolutionNode = FALSE
	EndGlobalSection
	GlobalSection(ExtensibilityGlobals) = postSolution
		SolutionGuid = {D14FFBCC-8CE4-4DBE-ABA9-A75E1FBB2ED4}
	EndGlobalSection
EndGlobal
